
Microsoft Visual Studio Solution File, Format Version 12.00
# Visual Studio Version 17
VisualStudioVersion = 17.11.35312.102
MinimumVisualStudioVersion = 10.0.40219.1
Project("{FAE04EC0-301F-11D3-BF4B-00C04F79EFBC}") = "HIDS", "HIDS\HIDS.csproj", "{5D1CD70B-6DE1-4E45-B7FF-FC58CC87F09A}"
EndProject
Global
	GlobalSection(SolutionConfigurationPlatforms) = preSolution
		Debug|Any CPU = Debug|Any CPU
		Release|Any CPU = Release|Any CPU
	EndGlobalSection
	GlobalSection(ProjectConfigurationPlatforms) = postSolution
		{5D1CD70B-6DE1-4E45-B7FF-FC58CC87F09A}.Debug|Any CPU.ActiveCfg = Debug|Any CPU
		{5D1CD70B-6DE1-4E45-B7FF-FC58CC87F09A}.Debug|Any CPU.Build.0 = Debug|Any CPU
		{5D1CD70B-6DE1-4E45-B7FF-FC58CC87F09A}.Release|Any CPU.ActiveCfg = Release|Any CPU
		{5D1CD70B-6DE1-4E45-B7FF-FC58CC87F09A}.Release|Any CPU.Build.0 = Release|Any CPU
	EndGlobalSection
	GlobalSection(SolutionProperties) = preSolution
		HideSolutionNode = FALSE
	EndGlobalSection
	GlobalSection(ExtensibilityGlobals) = postSolution
		SolutionGuid = {4EF33721-EB77-405F-9676-97A03C2600CC}
	EndGlobalSection
EndGlobal
